
Microsoft Visual Studio Solution File, Format Version 12.00
# Visual Studio 2013
VisualStudioVersion = 12.0.20623.1 VSUPREVIEW
MinimumVisualStudioVersion = 10.0.40219.1
Project("{FAE04EC0-301F-11D3-BF4B-00C04F79EFBC}") = "Instaeventos.Core", "Instaeventos.Core\Instaeventos.Core.csproj", "{7732EEB2-02DE-4CE7-BBB1-FC156910A7D4}"
EndProject
Project("{FAE04EC0-301F-11D3-BF4B-00C04F79EFBC}") = "Instaeventos.Web", "Instaeventos.Web\Instaeventos.Web.csproj", "{D483E67B-C00B-4764-AAF8-488C86412F29}"
EndProject
Global
	GlobalSection(SolutionConfigurationPlatforms) = preSolution
		Debug|Any CPU = Debug|Any CPU
		Release|Any CPU = Release|Any CPU
	EndGlobalSection
	GlobalSection(ProjectConfigurationPlatforms) = postSolution
		{7732EEB2-02DE-4CE7-BBB1-FC156910A7D4}.Debug|Any CPU.ActiveCfg = Debug|Any CPU
		{7732EEB2-02DE-4CE7-BBB1-FC156910A7D4}.Debug|Any CPU.Build.0 = Debug|Any CPU
		{7732EEB2-02DE-4CE7-BBB1-FC156910A7D4}.Release|Any CPU.ActiveCfg = Release|Any CPU
		{7732EEB2-02DE-4CE7-BBB1-FC156910A7D4}.Release|Any CPU.Build.0 = Release|Any CPU
		{D483E67B-C00B-4764-AAF8-488C86412F29}.Debug|Any CPU.ActiveCfg = Debug|Any CPU
		{D483E67B-C00B-4764-AAF8-488C86412F29}.Debug|Any CPU.Build.0 = Debug|Any CPU
		{D483E67B-C00B-4764-AAF8-488C86412F29}.Release|Any CPU.ActiveCfg = Release|Any CPU
		{D483E67B-C00B-4764-AAF8-488C86412F29}.Release|Any CPU.Build.0 = Release|Any CPU
	EndGlobalSection
	GlobalSection(SolutionProperties) = preSolution
		HideSolutionNode = FALSE
	EndGlobalSection
EndGlobal
